
Microsoft Visual Studio Solution File, Format Version 12.00
# Visual Studio Version 17
VisualStudioVersion = 17.14.36327.8 d17.14
MinimumVisualStudioVersion = 10.0.40219.1
Project("{FAE04EC0-301F-11D3-BF4B-00C04F79EFBC}") = "Exam_OOP", "Exam_OOP.csproj", "{16386694-3540-4CCE-8DA5-E07F023D4D6F}"
EndProject
Global
	GlobalSection(SolutionConfigurationPlatforms) = preSolution
		Debug|Any CPU = Debug|Any CPU
		Release|Any CPU = Release|Any CPU
	EndGlobalSection
	GlobalSection(ProjectConfigurationPlatforms) = postSolution
		{16386694-3540-4CCE-8DA5-E07F023D4D6F}.Debug|Any CPU.ActiveCfg = Debug|Any CPU
		{16386694-3540-4CCE-8DA5-E07F023D4D6F}.Debug|Any CPU.Build.0 = Debug|Any CPU
		{16386694-3540-4CCE-8DA5-E07F023D4D6F}.Release|Any CPU.ActiveCfg = Release|Any CPU
		{16386694-3540-4CCE-8DA5-E07F023D4D6F}.Release|Any CPU.Build.0 = Release|Any CPU
	EndGlobalSection
	GlobalSection(SolutionProperties) = preSolution
		HideSolutionNode = FALSE
	EndGlobalSection
	GlobalSection(ExtensibilityGlobals) = postSolution
		SolutionGuid = {3F2EAABB-0DF5-411F-BCF4-0F1FDBB4781E}
	EndGlobalSection
EndGlobal
